// !$*UTF8*$!
{
	archiveVersion = 1;
	classes = {
	};
	objectVersion = 46;
	objects = {

/* Begin PBXBuildFile section */
		82565F801AE3E62E00D9DF1D /* voiceData.swift in Sources */ = {isa = PBXBuildFile; fileRef = 82565F7F1AE3E62E00D9DF1D /* voiceData.swift */; };
		82565F831AE3E7D100D9DF1D /* voiceDoc.swift in Sources */ = {isa = PBXBuildFile; fileRef = 82565F821AE3E7D100D9DF1D /* voiceDoc.swift */; };
		82565F871AE41D0200D9DF1D /* Images.xcassets in Resources */ = {isa = PBXBuildFile; fileRef = 82565F861AE41D0200D9DF1D /* Images.xcassets */; };
		829099C21AE31AC8002FD711 /* AppDelegate.swift in Sources */ = {isa = PBXBuildFile; fileRef = 829099C11AE31AC8002FD711 /* AppDelegate.swift */; };
		829099C71AE31AC8002FD711 /* MainMenu.xib in Resources */ = {isa = PBXBuildFile; fileRef = 829099C51AE31AC8002FD711 /* MainMenu.xib */; };
		829099D31AE31AC8002FD711 /* polyglottTests.swift in Sources */ = {isa = PBXBuildFile; fileRef = 829099D21AE31AC8002FD711 /* polyglottTests.swift */; };
/* End PBXBuildFile section */

/* Begin PBXContainerItemProxy section */
		829099CD1AE31AC8002FD711 /* PBXContainerItemProxy */ = {
			isa = PBXContainerItemProxy;
			containerPortal = 829099B41AE31AC8002FD711 /* Project object */;
			proxyType = 1;
			remoteGlobalIDString = 829099BB1AE31AC8002FD711;
			remoteInfo = polyglott;
		};
/* End PBXContainerItemProxy section */

/* Begin PBXFileReference section */
		82565F7F1AE3E62E00D9DF1D /* voiceData.swift */ = {isa = PBXFileReference; fileEncoding = 4; lastKnownFileType = sourcecode.swift; path = voiceData.swift; sourceTree = "<group>"; };
		82565F821AE3E7D100D9DF1D /* voiceDoc.swift */ = {isa = PBXFileReference; fileEncoding = 4; lastKnownFileType = sourcecode.swift; path = voiceDoc.swift; sourceTree = "<group>"; };
		82565F861AE41D0200D9DF1D /* Images.xcassets */ = {isa = PBXFileReference; lastKnownFileType = folder.assetcatalog; path = Images.xcassets; sourceTree = "<group>"; };
		829099BC1AE31AC8002FD711 /* polyglott.app */ = {isa = PBXFileReference; explicitFileType = wrapper.application; includeInIndex = 0; path = polyglott.app; sourceTree = BUILT_PRODUCTS_DIR; };
		829099C01AE31AC8002FD711 /* Info.plist */ = {isa = PBXFileReference; lastKnownFileType = text.plist.xml; path = Info.plist; sourceTree = "<group>"; };
		829099C11AE31AC8002FD711 /* AppDelegate.swift */ = {isa = PBXFileReference; lastKnownFileType = sourcecode.swift; path = AppDelegate.swift; sourceTree = "<group>"; };
		829099C61AE31AC8002FD711 /* Base */ = {isa = PBXFileReference; lastKnownFileType = file.xib; name = Base; path = Base.lproj/MainMenu.xib; sourceTree = "<group>"; };
		829099CC1AE31AC8002FD711 /* polyglottTests.xctest */ = {isa = PBXFileReference; explicitFileType = wrapper.cfbundle; includeInIndex = 0; path = polyglottTests.xctest; sourceTree = BUILT_PRODUCTS_DIR; };
		829099D11AE31AC8002FD711 /* Info.plist */ = {isa = PBXFileReference; lastKnownFileType = text.plist.xml; path = Info.plist; sourceTree = "<group>"; };
		829099D21AE31AC8002FD711 /* polyglottTests.swift */ = {isa = PBXFileReference; lastKnownFileType = sourcecode.swift; path = polyglottTests.swift; sourceTree = "<group>"; };
/* End PBXFileReference section */

/* Begin PBXFrameworksBuildPhase section */
		829099B91AE31AC8002FD711 /* Frameworks */ = {
			isa = PBXFrameworksBuildPhase;
			buildActionMask = 2147483647;
			files = (
			);
			runOnlyForDeploymentPostprocessing = 0;
		};
		829099C91AE31AC8002FD711 /* Frameworks */ = {
			isa = PBXFrameworksBuildPhase;
			buildActionMask = 2147483647;
			files = (
			);
			runOnlyForDeploymentPostprocessing = 0;
		};
/* End PBXFrameworksBuildPhase section */

/* Begin PBXGroup section */
		82565F811AE3E6CF00D9DF1D /* Model */ = {
			isa = PBXGroup;
			children = (
				82565F7F1AE3E62E00D9DF1D /* voiceData.swift */,
				82565F821AE3E7D100D9DF1D /* voiceDoc.swift */,
			);
			name = Model;
			sourceTree = "<group>";
		};
		829099B31AE31AC8002FD711 = {
			isa = PBXGroup;
			children = (
				829099BE1AE31AC8002FD711 /* polyglott */,
				829099CF1AE31AC8002FD711 /* polyglottTests */,
				829099BD1AE31AC8002FD711 /* Products */,
			);
			sourceTree = "<group>";
		};
		829099BD1AE31AC8002FD711 /* Products */ = {
			isa = PBXGroup;
			children = (
				829099BC1AE31AC8002FD711 /* polyglott.app */,
				829099CC1AE31AC8002FD711 /* polyglottTests.xctest */,
			);
			name = Products;
			sourceTree = "<group>";
		};
		829099BE1AE31AC8002FD711 /* polyglott */ = {
			isa = PBXGroup;
			children = (
				82565F811AE3E6CF00D9DF1D /* Model */,
				829099C11AE31AC8002FD711 /* AppDelegate.swift */,
				829099C51AE31AC8002FD711 /* MainMenu.xib */,
				82565F861AE41D0200D9DF1D /* Images.xcassets */,
				829099BF1AE31AC8002FD711 /* Supporting Files */,
			);
			path = polyglott;
			sourceTree = "<group>";
		};
		829099BF1AE31AC8002FD711 /* Supporting Files */ = {
			isa = PBXGroup;
			children = (
				829099C01AE31AC8002FD711 /* Info.plist */,
			);
			name = "Supporting Files";
			sourceTree = "<group>";
		};
		829099CF1AE31AC8002FD711 /* polyglottTests */ = {
			isa = PBXGroup;
			children = (
				829099D21AE31AC8002FD711 /* polyglottTests.swift */,
				829099D01AE31AC8002FD711 /* Supporting Files */,
			);
			path = polyglottTests;
			sourceTree = "<group>";
		};
		829099D01AE31AC8002FD711 /* Supporting Files */ = {
			isa = PBXGroup;
			children = (
				829099D11AE31AC8002FD711 /* Info.plist */,
			);
			name = "Supporting Files";
			sourceTree = "<group>";
		};
/* End PBXGroup section */

/* Begin PBXNativeTarget section */
		829099BB1AE31AC8002FD711 /* polyglott */ = {
			isa = PBXNativeTarget;
			buildConfigurationList = 829099D61AE31AC8002FD711 /* Build configuration list for PBXNativeTarget "polyglott" */;
			buildPhases = (
				829099B81AE31AC8002FD711 /* Sources */,
				829099B91AE31AC8002FD711 /* Frameworks */,
				829099BA1AE31AC8002FD711 /* Resources */,
			);
			buildRules = (
			);
			dependencies = (
			);
			name = polyglott;
			productName = polyglott;
			productReference = 829099BC1AE31AC8002FD711 /* polyglott.app */;
			productType = "com.apple.product-type.application";
		};
		829099CB1AE31AC8002FD711 /* polyglottTests */ = {
			isa = PBXNativeTarget;
			buildConfigurationList = 829099D91AE31AC8002FD711 /* Build configuration list for PBXNativeTarget "polyglottTests" */;
			buildPhases = (
				829099C81AE31AC8002FD711 /* Sources */,
				829099C91AE31AC8002FD711 /* Frameworks */,
				829099CA1AE31AC8002FD711 /* Resources */,
			);
			buildRules = (
			);
			dependencies = (
				829099CE1AE31AC8002FD711 /* PBXTargetDependency */,
			);
			name = polyglottTests;
			productName = polyglottTests;
			productReference = 829099CC1AE31AC8002FD711 /* polyglottTests.xctest */;
			productType = "com.apple.product-type.bundle.unit-test";
		};
/* End PBXNativeTarget section */

/* Begin PBXProject section */
		829099B41AE31AC8002FD711 /* Project object */ = {
			isa = PBXProject;
			attributes = {
				LastUpgradeCheck = 0630;
				ORGANIZATIONNAME = "Fred Flügge";
				TargetAttributes = {
					829099BB1AE31AC8002FD711 = {
						CreatedOnToolsVersion = 6.3;
					};
					829099CB1AE31AC8002FD711 = {
						CreatedOnToolsVersion = 6.3;
						TestTargetID = 829099BB1AE31AC8002FD711;
					};
				};
			};
			buildConfigurationList = 829099B71AE31AC8002FD711 /* Build configuration list for PBXProject "polyglott" */;
			compatibilityVersion = "Xcode 3.2";
			developmentRegion = English;
			hasScannedForEncodings = 0;
			knownRegions = (
				en,
				Base,
			);
			mainGroup = 829099B31AE31AC8002FD711;
			productRefGroup = 829099BD1AE31AC8002FD711 /* Products */;
			projectDirPath = "";
			projectRoot = "";
			targets = (
				829099BB1AE31AC8002FD711 /* polyglott */,
				829099CB1AE31AC8002FD711 /* polyglottTests */,
			);
		};
/* End PBXProject section */

/* Begin PBXResourcesBuildPhase section */
		829099BA1AE31AC8002FD711 /* Resources */ = {
			isa = PBXResourcesBuildPhase;
			buildActionMask = 2147483647;
			files = (
				82565F871AE41D0200D9DF1D /* Images.xcassets in Resources */,
				829099C71AE31AC8002FD711 /* MainMenu.xib in Resources */,
			);
			runOnlyForDeploymentPostprocessing = 0;
		};
		829099CA1AE31AC8002FD711 /* Resources */ = {
			isa = PBXResourcesBuildPhase;
			buildActionMask = 2147483647;
			files = (
			);
			runOnlyForDeploymentPostprocessing = 0;
		};
/* End PBXResourcesBuildPhase section */

/* Begin PBXSourcesBuildPhase section */
		829099B81AE31AC8002FD711 /* Sources */ = {
			isa = PBXSourcesBuildPhase;
			buildActionMask = 2147483647;
			files = (
				82565F801AE3E62E00D9DF1D /* voiceData.swift in Sources */,
				829099C21AE31AC8002FD711 /* AppDelegate.swift in Sources */,
				82565F831AE3E7D100D9DF1D /* voiceDoc.swift in Sources */,
			);
			runOnlyForDeploymentPostprocessing = 0;
		};
		829099C81AE31AC8002FD711 /* Sources */ = {
			isa = PBXSourcesBuildPhase;
			buildActionMask = 2147483647;
			files = (
				829099D31AE31AC8002FD711 /* polyglottTests.swift in Sources */,
			);
			runOnlyForDeploymentPostprocessing = 0;
		};
/* End PBXSourcesBuildPhase section */

/* Begin PBXTargetDependency section */
		829099CE1AE31AC8002FD711 /* PBXTargetDependency */ = {
			isa = PBXTargetDependency;
			target = 829099BB1AE31AC8002FD711 /* polyglott */;
			targetProxy = 829099CD1AE31AC8002FD711 /* PBXContainerItemProxy */;
		};
/* End PBXTargetDependency section */

/* Begin PBXVariantGroup section */
		829099C51AE31AC8002FD711 /* MainMenu.xib */ = {
			isa = PBXVariantGroup;
			children = (
				829099C61AE31AC8002FD711 /* Base */,
			);
			name = MainMenu.xib;
			sourceTree = "<group>";
		};
/* End PBXVariantGroup section */

/* Begin XCBuildConfiguration section */
		829099D41AE31AC8002FD711 /* Debug */ = {
			isa = XCBuildConfiguration;
			buildSettings = {
				ALWAYS_SEARCH_USER_PATHS = NO;
				CLANG_CXX_LANGUAGE_STANDARD = "gnu++0x";
				CLANG_CXX_LIBRARY = "libc++";
				CLANG_ENABLE_MODULES = YES;
				CLANG_ENABLE_OBJC_ARC = YES;
				CLANG_WARN_BOOL_CONVERSION = YES;
				CLANG_WARN_CONSTANT_CONVERSION = YES;
				CLANG_WARN_DIRECT_OBJC_ISA_USAGE = YES_ERROR;
				CLANG_WARN_EMPTY_BODY = YES;
				CLANG_WARN_ENUM_CONVERSION = YES;
				CLANG_WARN_INT_CONVERSION = YES;
				CLANG_WARN_OBJC_ROOT_CLASS = YES_ERROR;
				CLANG_WARN_UNREACHABLE_CODE = YES;
				CLANG_WARN__DUPLICATE_METHOD_MATCH = YES;
				CODE_SIGN_IDENTITY = "-";
				COPY_PHASE_STRIP = NO;
				DEBUG_INFORMATION_FORMAT = dwarf;
				ENABLE_STRICT_OBJC_MSGSEND = YES;
				GCC_C_LANGUAGE_STANDARD = gnu99;
				GCC_DYNAMIC_NO_PIC = NO;
				GCC_NO_COMMON_BLOCKS = YES;
				GCC_OPTIMIZATION_LEVEL = 0;
				GCC_PREPROCESSOR_DEFINITIONS = (
					"DEBUG=1",
					"$(inherited)",
				);
				GCC_SYMBOLS_PRIVATE_EXTERN = NO;
				GCC_WARN_64_TO_32_BIT_CONVERSION = YES;
				GCC_WARN_ABOUT_RETURN_TYPE = YES_ERROR;
				GCC_WARN_UNDECLARED_SELECTOR = YES;
				GCC_WARN_UNINITIALIZED_AUTOS = YES_AGGRESSIVE;
				GCC_WARN_UNUSED_FUNCTION = YES;
				GCC_WARN_UNUSED_VARIABLE = YES;
				MACOSX_DEPLOYMENT_TARGET = 10.10;
				MTL_ENABLE_DEBUG_INFO = YES;
				ONLY_ACTIVE_ARCH = YES;
				SDKROOT = macosx;
				SWIFT_OPTIMIZATION_LEVEL = "-Onone";
			};
			name = Debug;
		};
		829099D51AE31AC8002FD711 /* Release */ = {
			isa = XCBuildConfiguration;
			buildSettings = {
				ALWAYS_SEARCH_USER_PATHS = NO;
				CLANG_CXX_LANGUAGE_STANDARD = "gnu++0x";
				CLANG_CXX_LIBRARY = "libc++";
				CLANG_ENABLE_MODULES = YES;
				CLANG_ENABLE_OBJC_ARC = YES;
				CLANG_WARN_BOOL_CONVERSION = YES;
				CLANG_WARN_CONSTANT_CONVERSION = YES;
				CLANG_WARN_DIRECT_OBJC_ISA_USAGE = YES_ERROR;
				CLANG_WARN_EMPTY_BODY = YES;
				CLANG_WARN_ENUM_CONVERSION = YES;
				CLANG_WARN_INT_CONVERSION = YES;
				CLANG_WARN_OBJC_ROOT_CLASS = YES_ERROR;
				CLANG_WARN_UNREACHABLE_CODE = YES;
				CLANG_WARN__DUPLICATE_METHOD_MATCH = YES;
				CODE_SIGN_IDENTITY = "-";
				COPY_PHASE_STRIP = NO;
				DEBUG_INFORMATION_FORMAT = "dwarf-with-dsym";
				ENABLE_NS_ASSERTIONS = NO;
				ENABLE_STRICT_OBJC_MSGSEND = YES;
				GCC_C_LANGUAGE_STANDARD = gnu99;
				GCC_NO_COMMON_BLOCKS = YES;
				GCC_WARN_64_TO_32_BIT_CONVERSION = YES;
				GCC_WARN_ABOUT_RETURN_TYPE = YES_ERROR;
				GCC_WARN_UNDECLARED_SELECTOR = YES;
				GCC_WARN_UNINITIALIZED_AUTOS = YES_AGGRESSIVE;
				GCC_WARN_UNUSED_FUNCTION = YES;
				GCC_WARN_UNUSED_VARIABLE = YES;
				MACOSX_DEPLOYMENT_TARGET = 10.10;
				MTL_ENABLE_DEBUG_INFO = NO;
				SDKROOT = macosx;
			};
			name = Release;
		};
		829099D71AE31AC8002FD711 /* Debug */ = {
			isa = XCBuildConfiguration;
			buildSettings = {
				ASSETCATALOG_COMPILER_APPICON_NAME = AppIcon;
				COMBINE_HIDPI_IMAGES = YES;
				INFOPLIST_FILE = polyglott/Info.plist;
				LD_RUNPATH_SEARCH_PATHS = "$(inherited) @executable_path/../Frameworks";
				MTL_ENABLE_DEBUG_INFO = YES;
				PRODUCT_NAME = "$(TARGET_NAME)";
			};
			name = Debug;
		};
		829099D81AE31AC8002FD711 /* Release */ = {
			isa = XCBuildConfiguration;
			buildSettings = {
				ASSETCATALOG_COMPILER_APPICON_NAME = AppIcon;
				COMBINE_HIDPI_IMAGES = YES;
				INFOPLIST_FILE = polyglott/Info.plist;
				LD_RUNPATH_SEARCH_PATHS = "$(inherited) @executable_path/../Frameworks";
				MTL_ENABLE_DEBUG_INFO = YES;
				PRODUCT_NAME = "$(TARGET_NAME)";
			};
			name = Release;
		};
		829099DA1AE31AC8002FD711 /* Debug */ = {
			isa = XCBuildConfiguration;
			buildSettings = {
				BUNDLE_LOADER = "$(TEST_HOST)";
				COMBINE_HIDPI_IMAGES = YES;
				FRAMEWORK_SEARCH_PATHS = (
					"$(DEVELOPER_FRAMEWORKS_DIR)",
					"$(inherited)",
				);
				GCC_PREPROCESSOR_DEFINITIONS = (
					"DEBUG=1",
					"$(inherited)",
				);
				INFOPLIST_FILE = polyglottTests/Info.plist;
				LD_RUNPATH_SEARCH_PATHS = "$(inherited) @executable_path/../Frameworks @loader_path/../Frameworks";
				PRODUCT_NAME = "$(TARGET_NAME)";
				TEST_HOST = "$(BUILT_PRODUCTS_DIR)/polyglott.app/Contents/MacOS/polyglott";
			};
			name = Debug;
		};
		829099DB1AE31AC8002FD711 /* Release */ = {
			isa = XCBuildConfiguration;
			buildSettings = {
				BUNDLE_LOADER = "$(TEST_HOST)";
				COMBINE_HIDPI_IMAGES = YES;
				FRAMEWORK_SEARCH_PATHS = (
					"$(DEVELOPER_FRAMEWORKS_DIR)",
					"$(inherited)",
				);
				INFOPLIST_FILE = polyglottTests/Info.plist;
				LD_RUNPATH_SEARCH_PATHS = "$(inherited) @executable_path/../Frameworks @loader_path/../Frameworks";
				PRODUCT_NAME = "$(TARGET_NAME)";
				TEST_HOST = "$(BUILT_PRODUCTS_DIR)/polyglott.app/Contents/MacOS/polyglott";
			};
			name = Release;
		};
/* End XCBuildConfiguration section */

/* Begin XCConfigurationList section */
		829099B71AE31AC8002FD711 /* Build configuration list for PBXProject "polyglott" */ = {
			isa = XCConfigurationList;
			buildConfigurations = (
				829099D41AE31AC8002FD711 /* Debug */,
				829099D51AE31AC8002FD711 /* Release */,
			);
			defaultConfigurationIsVisible = 0;
			defaultConfigurationName = Release;
		};
		829099D61AE31AC8002FD711 /* Build configuration list for PBXNativeTarget "polyglott" */ = {
			isa = XCConfigurationList;
			buildConfigurations = (
				829099D71AE31AC8002FD711 /* Debug */,
				829099D81AE31AC8002FD711 /* Release */,
			);
			defaultConfigurationIsVisible = 0;
			defaultConfigurationName = Release;
		};
		829099D91AE31AC8002FD711 /* Build configuration list for PBXNativeTarget "polyglottTests" */ = {
			isa = XCConfigurationList;
			buildConfigurations = (
				829099DA1AE31AC8002FD711 /* Debug */,
				829099DB1AE31AC8002FD711 /* Release */,
			);
			defaultConfigurationIsVisible = 0;
			defaultConfigurationName = Release;
		};
/* End XCConfigurationList section */
	};
	rootObject = 829099B41AE31AC8002FD711 /* Project object */;
}
